# This file is generated by running "yarn install" inside your project.
# Manual changes might be lost - proceed with caution!

__metadata:
  version: 6
  cacheKey: 8

"left-pad@npm:1.0.2":
  version: 1.0.2
  resolution: "left-pad@npm:1.0.2"
  checksum: fcd83ce99b833c2dc10678bff4140c21676f8f70d36e22c1fa93c0def2c75b57537b96d8af8a4660fa34bd1eba43dd51ead963d9cede5344b88e5bedd3827ffb
  languageName: node
  linkType: hard

"right-pad@npm:^1.0.1":
  version: 1.0.1
  resolution: "right-pad@npm:1.0.1"
  checksum: 44d4fe0dfc0632aec8cae904dcc2629c30a3a0aa41f829d9bbb3ed0e34e6bea153aff4eb51d0587f0c7f7a9b095c0031d7642bdce5f1de4c2bd586e6783d84c6
  languageName: node
  linkType: hard

"test_app@workspace:.":
  version: 0.0.0-use.local
  resolution: "test_app@workspace:."
  dependencies:
    left-pad: 1.0.2
    right-pad: ^1.0.1
  languageName: unknown
  linkType: soft
